
Microsoft Visual Studio Solution File, Format Version 12.00
# Visual Studio 15
VisualStudioVersion = 15.0.28307.1267
MinimumVisualStudioVersion = 10.0.40219.1
Project("{9A19103F-16F7-4668-BE54-9A1E7A4F7556}") = "Battleship.DTO", "Battleship.DTO\Battleship.DTO.csproj", "{60BD5FFC-C469-45B6-87D7-D7C572DFF971}"
EndProject
Project("{FAE04EC0-301F-11D3-BF4B-00C04F79EFBC}") = "Battleship.Interface", "Battleship.Interface\Battleship.Interface.csproj", "{F51A8DEC-59F2-4C0F-B4AF-A7E79EB7DC2F}"
EndProject
Project("{FAE04EC0-301F-11D3-BF4B-00C04F79EFBC}") = "Battleship.Standard", "Battleship.Standard\Battleship.Standard.csproj", "{EFB28C88-9396-44C1-83C8-F08D7E40BF05}"
EndProject
Project("{FAE04EC0-301F-11D3-BF4B-00C04F79EFBC}") = "Battleship.Unit", "Battleship.Unit\Battleship.Unit.csproj", "{9259D48A-06F7-4D7C-B07D-62F0C78FB224}"
EndProject
Project("{FAE04EC0-301F-11D3-BF4B-00C04F79EFBC}") = "Battleship.Accept", "Battleship.Accept\Battleship.Accept.csproj", "{57D2612D-6C77-4277-9447-12E73A0A353C}"
EndProject
Global
	GlobalSection(SolutionConfigurationPlatforms) = preSolution
		Debug|Any CPU = Debug|Any CPU
		Release|Any CPU = Release|Any CPU
	EndGlobalSection
	GlobalSection(ProjectConfigurationPlatforms) = postSolution
		{60BD5FFC-C469-45B6-87D7-D7C572DFF971}.Debug|Any CPU.ActiveCfg = Debug|Any CPU
		{60BD5FFC-C469-45B6-87D7-D7C572DFF971}.Debug|Any CPU.Build.0 = Debug|Any CPU
		{60BD5FFC-C469-45B6-87D7-D7C572DFF971}.Release|Any CPU.ActiveCfg = Release|Any CPU
		{60BD5FFC-C469-45B6-87D7-D7C572DFF971}.Release|Any CPU.Build.0 = Release|Any CPU
		{F51A8DEC-59F2-4C0F-B4AF-A7E79EB7DC2F}.Debug|Any CPU.ActiveCfg = Debug|Any CPU
		{F51A8DEC-59F2-4C0F-B4AF-A7E79EB7DC2F}.Debug|Any CPU.Build.0 = Debug|Any CPU
		{F51A8DEC-59F2-4C0F-B4AF-A7E79EB7DC2F}.Release|Any CPU.ActiveCfg = Release|Any CPU
		{F51A8DEC-59F2-4C0F-B4AF-A7E79EB7DC2F}.Release|Any CPU.Build.0 = Release|Any CPU
		{EFB28C88-9396-44C1-83C8-F08D7E40BF05}.Debug|Any CPU.ActiveCfg = Debug|Any CPU
		{EFB28C88-9396-44C1-83C8-F08D7E40BF05}.Debug|Any CPU.Build.0 = Debug|Any CPU
		{EFB28C88-9396-44C1-83C8-F08D7E40BF05}.Release|Any CPU.ActiveCfg = Release|Any CPU
		{EFB28C88-9396-44C1-83C8-F08D7E40BF05}.Release|Any CPU.Build.0 = Release|Any CPU
		{9259D48A-06F7-4D7C-B07D-62F0C78FB224}.Debug|Any CPU.ActiveCfg = Debug|Any CPU
		{9259D48A-06F7-4D7C-B07D-62F0C78FB224}.Debug|Any CPU.Build.0 = Debug|Any CPU
		{9259D48A-06F7-4D7C-B07D-62F0C78FB224}.Release|Any CPU.ActiveCfg = Release|Any CPU
		{9259D48A-06F7-4D7C-B07D-62F0C78FB224}.Release|Any CPU.Build.0 = Release|Any CPU
		{57D2612D-6C77-4277-9447-12E73A0A353C}.Debug|Any CPU.ActiveCfg = Debug|Any CPU
		{57D2612D-6C77-4277-9447-12E73A0A353C}.Debug|Any CPU.Build.0 = Debug|Any CPU
		{57D2612D-6C77-4277-9447-12E73A0A353C}.Release|Any CPU.ActiveCfg = Release|Any CPU
		{57D2612D-6C77-4277-9447-12E73A0A353C}.Release|Any CPU.Build.0 = Release|Any CPU
	EndGlobalSection
	GlobalSection(SolutionProperties) = preSolution
		HideSolutionNode = FALSE
	EndGlobalSection
	GlobalSection(ExtensibilityGlobals) = postSolution
		SolutionGuid = {0DE2F316-1AD4-43B5-B99A-8E80B06AC74E}
	EndGlobalSection
EndGlobal
